
Microsoft Visual Studio Solution File, Format Version 12.00
# Visual Studio 2012
Project("{FAE04EC0-301F-11D3-BF4B-00C04F79EFBC}") = "ADB_Airport_Info", "ADB_Airport_Info\ADB_Airport_Info.csproj", "{47B953C3-4B1E-4983-97C0-C2926E291D81}"
EndProject
Global
	GlobalSection(SolutionConfigurationPlatforms) = preSolution
		Debug|x86 = Debug|x86
		Release|x86 = Release|x86
	EndGlobalSection
	GlobalSection(ProjectConfigurationPlatforms) = postSolution
		{47B953C3-4B1E-4983-97C0-C2926E291D81}.Debug|x86.ActiveCfg = Debug|x86
		{47B953C3-4B1E-4983-97C0-C2926E291D81}.Debug|x86.Build.0 = Debug|x86
		{47B953C3-4B1E-4983-97C0-C2926E291D81}.Release|x86.ActiveCfg = Release|x86
		{47B953C3-4B1E-4983-97C0-C2926E291D81}.Release|x86.Build.0 = Release|x86
	EndGlobalSection
	GlobalSection(SolutionProperties) = preSolution
		HideSolutionNode = FALSE
	EndGlobalSection
EndGlobal
