
Microsoft Visual Studio Solution File, Format Version 11.00
# Visual Studio 2010
Project("{FAE04EC0-301F-11D3-BF4B-00C04F79EFBC}") = "SignCalculator", "SignCalculator\SignCalculator.csproj", "{9A1A5558-472B-459A-8AB7-496BF69D8B6C}"
EndProject
Global
	GlobalSection(SolutionConfigurationPlatforms) = preSolution
		Debug|x86 = Debug|x86
		Release|x86 = Release|x86
	EndGlobalSection
	GlobalSection(ProjectConfigurationPlatforms) = postSolution
		{9A1A5558-472B-459A-8AB7-496BF69D8B6C}.Debug|x86.ActiveCfg = Debug|x86
		{9A1A5558-472B-459A-8AB7-496BF69D8B6C}.Debug|x86.Build.0 = Debug|x86
		{9A1A5558-472B-459A-8AB7-496BF69D8B6C}.Release|x86.ActiveCfg = Release|x86
		{9A1A5558-472B-459A-8AB7-496BF69D8B6C}.Release|x86.Build.0 = Release|x86
	EndGlobalSection
	GlobalSection(SolutionProperties) = preSolution
		HideSolutionNode = FALSE
	EndGlobalSection
EndGlobal
