
Microsoft Visual Studio Solution File, Format Version 12.00
# Visual Studio 2012
Project("{FAE04EC0-301F-11D3-BF4B-00C04F79EFBC}") = "Clock", "Clock\Clock.csproj", "{742A2BF1-FEE2-4D09-98D9-BBF7712D6189}"
EndProject
Project("{FAE04EC0-301F-11D3-BF4B-00C04F79EFBC}") = "Clock.WinRT", "Clock.WinRT\Clock.WinRT.csproj", "{846F7825-D5D0-40AC-8F44-F7B3656D4F0A}"
EndProject
Global
	GlobalSection(TeamFoundationVersionControl) = preSolution
		SccNumberOfProjects = 3
		SccEnterpriseProvider = {4CA58AB2-18FA-4F8D-95D4-32DDF27D184C}
		SccTeamFoundationServer = https://smitstfs.tfspreview.com/defaultcollection
		SccLocalPath0 = .
		SccProjectUniqueName1 = Clock\\Clock.csproj
		SccProjectName1 = Clock
		SccLocalPath1 = Clock
		SccProjectUniqueName2 = Clock.WinRT\\Clock.WinRT.csproj
		SccProjectName2 = Clock.WinRT
		SccLocalPath2 = Clock.WinRT
	EndGlobalSection
	GlobalSection(SolutionConfigurationPlatforms) = preSolution
		Debug|Any CPU = Debug|Any CPU
		Debug|ARM = Debug|ARM
		Debug|x64 = Debug|x64
		Debug|x86 = Debug|x86
		Release|Any CPU = Release|Any CPU
		Release|ARM = Release|ARM
		Release|x64 = Release|x64
		Release|x86 = Release|x86
	EndGlobalSection
	GlobalSection(ProjectConfigurationPlatforms) = postSolution
		{742A2BF1-FEE2-4D09-98D9-BBF7712D6189}.Debug|Any CPU.ActiveCfg = Debug|Any CPU
		{742A2BF1-FEE2-4D09-98D9-BBF7712D6189}.Debug|Any CPU.Build.0 = Debug|Any CPU
		{742A2BF1-FEE2-4D09-98D9-BBF7712D6189}.Debug|Any CPU.Deploy.0 = Debug|Any CPU
		{742A2BF1-FEE2-4D09-98D9-BBF7712D6189}.Debug|ARM.ActiveCfg = Debug|ARM
		{742A2BF1-FEE2-4D09-98D9-BBF7712D6189}.Debug|ARM.Build.0 = Debug|ARM
		{742A2BF1-FEE2-4D09-98D9-BBF7712D6189}.Debug|ARM.Deploy.0 = Debug|ARM
		{742A2BF1-FEE2-4D09-98D9-BBF7712D6189}.Debug|x64.ActiveCfg = Debug|x64
		{742A2BF1-FEE2-4D09-98D9-BBF7712D6189}.Debug|x64.Build.0 = Debug|x64
		{742A2BF1-FEE2-4D09-98D9-BBF7712D6189}.Debug|x64.Deploy.0 = Debug|x64
		{742A2BF1-FEE2-4D09-98D9-BBF7712D6189}.Debug|x86.ActiveCfg = Debug|x86
		{742A2BF1-FEE2-4D09-98D9-BBF7712D6189}.Debug|x86.Build.0 = Debug|x86
		{742A2BF1-FEE2-4D09-98D9-BBF7712D6189}.Debug|x86.Deploy.0 = Debug|x86
		{742A2BF1-FEE2-4D09-98D9-BBF7712D6189}.Release|Any CPU.ActiveCfg = Release|Any CPU
		{742A2BF1-FEE2-4D09-98D9-BBF7712D6189}.Release|Any CPU.Build.0 = Release|Any CPU
		{742A2BF1-FEE2-4D09-98D9-BBF7712D6189}.Release|Any CPU.Deploy.0 = Release|Any CPU
		{742A2BF1-FEE2-4D09-98D9-BBF7712D6189}.Release|ARM.ActiveCfg = Release|ARM
		{742A2BF1-FEE2-4D09-98D9-BBF7712D6189}.Release|ARM.Build.0 = Release|ARM
		{742A2BF1-FEE2-4D09-98D9-BBF7712D6189}.Release|ARM.Deploy.0 = Release|ARM
		{742A2BF1-FEE2-4D09-98D9-BBF7712D6189}.Release|x64.ActiveCfg = Release|x64
		{742A2BF1-FEE2-4D09-98D9-BBF7712D6189}.Release|x64.Build.0 = Release|x64
		{742A2BF1-FEE2-4D09-98D9-BBF7712D6189}.Release|x64.Deploy.0 = Release|x64
		{742A2BF1-FEE2-4D09-98D9-BBF7712D6189}.Release|x86.ActiveCfg = Release|x86
		{742A2BF1-FEE2-4D09-98D9-BBF7712D6189}.Release|x86.Build.0 = Release|x86
		{742A2BF1-FEE2-4D09-98D9-BBF7712D6189}.Release|x86.Deploy.0 = Release|x86
		{846F7825-D5D0-40AC-8F44-F7B3656D4F0A}.Debug|Any CPU.ActiveCfg = Debug|Any CPU
		{846F7825-D5D0-40AC-8F44-F7B3656D4F0A}.Debug|Any CPU.Build.0 = Debug|Any CPU
		{846F7825-D5D0-40AC-8F44-F7B3656D4F0A}.Debug|ARM.ActiveCfg = Debug|ARM
		{846F7825-D5D0-40AC-8F44-F7B3656D4F0A}.Debug|ARM.Build.0 = Debug|ARM
		{846F7825-D5D0-40AC-8F44-F7B3656D4F0A}.Debug|x64.ActiveCfg = Debug|x64
		{846F7825-D5D0-40AC-8F44-F7B3656D4F0A}.Debug|x64.Build.0 = Debug|x64
		{846F7825-D5D0-40AC-8F44-F7B3656D4F0A}.Debug|x86.ActiveCfg = Debug|x86
		{846F7825-D5D0-40AC-8F44-F7B3656D4F0A}.Debug|x86.Build.0 = Debug|x86
		{846F7825-D5D0-40AC-8F44-F7B3656D4F0A}.Release|Any CPU.ActiveCfg = Release|Any CPU
		{846F7825-D5D0-40AC-8F44-F7B3656D4F0A}.Release|Any CPU.Build.0 = Release|Any CPU
		{846F7825-D5D0-40AC-8F44-F7B3656D4F0A}.Release|ARM.ActiveCfg = Release|ARM
		{846F7825-D5D0-40AC-8F44-F7B3656D4F0A}.Release|ARM.Build.0 = Release|ARM
		{846F7825-D5D0-40AC-8F44-F7B3656D4F0A}.Release|x64.ActiveCfg = Release|x64
		{846F7825-D5D0-40AC-8F44-F7B3656D4F0A}.Release|x64.Build.0 = Release|x64
		{846F7825-D5D0-40AC-8F44-F7B3656D4F0A}.Release|x86.ActiveCfg = Release|x86
		{846F7825-D5D0-40AC-8F44-F7B3656D4F0A}.Release|x86.Build.0 = Release|x86
	EndGlobalSection
	GlobalSection(SolutionProperties) = preSolution
		HideSolutionNode = FALSE
	EndGlobalSection
EndGlobal
