
Microsoft Visual Studio Solution File, Format Version 12.00
# Visual Studio 2012
Project("{FAE04EC0-301F-11D3-BF4B-00C04F79EFBC}") = "HW2_WS_Q2_RESTClient_WPF", "HW2_WS_Q2_RESTClient_WPF\HW2_WS_Q2_RESTClient_WPF.csproj", "{3A7B36C6-6DAF-425F-9FFC-C80B77A9E159}"
EndProject
Global
	GlobalSection(SolutionConfigurationPlatforms) = preSolution
		Debug|Any CPU = Debug|Any CPU
		Release|Any CPU = Release|Any CPU
	EndGlobalSection
	GlobalSection(ProjectConfigurationPlatforms) = postSolution
		{3A7B36C6-6DAF-425F-9FFC-C80B77A9E159}.Debug|Any CPU.ActiveCfg = Debug|Any CPU
		{3A7B36C6-6DAF-425F-9FFC-C80B77A9E159}.Debug|Any CPU.Build.0 = Debug|Any CPU
		{3A7B36C6-6DAF-425F-9FFC-C80B77A9E159}.Release|Any CPU.ActiveCfg = Release|Any CPU
		{3A7B36C6-6DAF-425F-9FFC-C80B77A9E159}.Release|Any CPU.Build.0 = Release|Any CPU
	EndGlobalSection
	GlobalSection(SolutionProperties) = preSolution
		HideSolutionNode = FALSE
	EndGlobalSection
EndGlobal
