
Microsoft Visual Studio Solution File, Format Version 12.00
# Visual Studio 2012
Project("{FAE04EC0-301F-11D3-BF4B-00C04F79EFBC}") = "Smart8", "Smart8\Smart8.csproj", "{236A08CC-0F80-4553-AC88-355B06DE3831}"
EndProject
Global
	GlobalSection(SolutionConfigurationPlatforms) = preSolution
		Debug|Any CPU = Debug|Any CPU
		Release|Any CPU = Release|Any CPU
	EndGlobalSection
	GlobalSection(ProjectConfigurationPlatforms) = postSolution
		{236A08CC-0F80-4553-AC88-355B06DE3831}.Debug|Any CPU.ActiveCfg = Debug|Any CPU
		{236A08CC-0F80-4553-AC88-355B06DE3831}.Debug|Any CPU.Build.0 = Debug|Any CPU
		{236A08CC-0F80-4553-AC88-355B06DE3831}.Release|Any CPU.ActiveCfg = Release|Any CPU
		{236A08CC-0F80-4553-AC88-355B06DE3831}.Release|Any CPU.Build.0 = Release|Any CPU
	EndGlobalSection
	GlobalSection(SolutionProperties) = preSolution
		HideSolutionNode = FALSE
	EndGlobalSection
EndGlobal
