
Microsoft Visual Studio Solution File, Format Version 12.00
# Visual Studio 2012
Project("{FAE04EC0-301F-11D3-BF4B-00C04F79EFBC}") = "UnitTest_ArrayCompare", "UnitTest_ArrayCompare\UnitTest_ArrayCompare.csproj", "{EFFB2F0C-B751-4478-A9FB-796FDA302E57}"
EndProject
Global
	GlobalSection(SolutionConfigurationPlatforms) = preSolution
		Debug|Any CPU = Debug|Any CPU
		Release|Any CPU = Release|Any CPU
	EndGlobalSection
	GlobalSection(ProjectConfigurationPlatforms) = postSolution
		{EFFB2F0C-B751-4478-A9FB-796FDA302E57}.Debug|Any CPU.ActiveCfg = Debug|Any CPU
		{EFFB2F0C-B751-4478-A9FB-796FDA302E57}.Debug|Any CPU.Build.0 = Debug|Any CPU
		{EFFB2F0C-B751-4478-A9FB-796FDA302E57}.Release|Any CPU.ActiveCfg = Release|Any CPU
		{EFFB2F0C-B751-4478-A9FB-796FDA302E57}.Release|Any CPU.Build.0 = Release|Any CPU
	EndGlobalSection
	GlobalSection(SolutionProperties) = preSolution
		HideSolutionNode = FALSE
	EndGlobalSection
EndGlobal
